
Microsoft Visual Studio Solution File, Format Version 11.00
# Visual Studio 2017
Project("{8BC9CEB8-8B4A-11D0-8D11-00A0C91BC942}") = "Solar", "Solar.vcxproj", "{FC7C1742-2011-4E1E-A414-84D96CCC10B6}"
EndProject
Global
	GlobalSection(SolutionConfigurationPlatforms) = preSolution
		Debug|Win32 = Debug|Win32
		Release|Win32 = Release|Win32
	EndGlobalSection
	GlobalSection(ProjectConfigurationPlatforms) = postSolution
		{FC7C1742-2011-4E1E-A414-84D96CCC10B6}.Debug|Win32.ActiveCfg = Debug|Win32
		{FC7C1742-2011-4E1E-A414-84D96CCC10B6}.Debug|Win32.Build.0 = Debug|Win32
		{FC7C1742-2011-4E1E-A414-84D96CCC10B6}.Release|Win32.ActiveCfg = Release|Win32
		{FC7C1742-2011-4E1E-A414-84D96CCC10B6}.Release|Win32.Build.0 = Release|Win32
	EndGlobalSection
	GlobalSection(SolutionProperties) = preSolution
		HideSolutionNode = FALSE
	EndGlobalSection
EndGlobal
